
Microsoft Visual Studio Solution File, Format Version 12.00
# Visual Studio Version 17
VisualStudioVersion = 17.2.32616.157
MinimumVisualStudioVersion = 10.0.40219.1
Project("{8BC9CEB8-8B4A-11D0-8D11-00A0C91BC942}") = "кр 1", "кр 1\кр 1.vcxproj", "{8829EC80-1763-4B27-AA45-FA0A483B7E9D}"
EndProject
Global
	GlobalSection(SolutionConfigurationPlatforms) = preSolution
		Debug|x64 = Debug|x64
		Debug|x86 = Debug|x86
		Release|x64 = Release|x64
		Release|x86 = Release|x86
	EndGlobalSection
	GlobalSection(ProjectConfigurationPlatforms) = postSolution
		{8829EC80-1763-4B27-AA45-FA0A483B7E9D}.Debug|x64.ActiveCfg = Debug|x64
		{8829EC80-1763-4B27-AA45-FA0A483B7E9D}.Debug|x64.Build.0 = Debug|x64
		{8829EC80-1763-4B27-AA45-FA0A483B7E9D}.Debug|x86.ActiveCfg = Debug|Win32
		{8829EC80-1763-4B27-AA45-FA0A483B7E9D}.Debug|x86.Build.0 = Debug|Win32
		{8829EC80-1763-4B27-AA45-FA0A483B7E9D}.Release|x64.ActiveCfg = Release|x64
		{8829EC80-1763-4B27-AA45-FA0A483B7E9D}.Release|x64.Build.0 = Release|x64
		{8829EC80-1763-4B27-AA45-FA0A483B7E9D}.Release|x86.ActiveCfg = Release|Win32
		{8829EC80-1763-4B27-AA45-FA0A483B7E9D}.Release|x86.Build.0 = Release|Win32
	EndGlobalSection
	GlobalSection(SolutionProperties) = preSolution
		HideSolutionNode = FALSE
	EndGlobalSection
	GlobalSection(ExtensibilityGlobals) = postSolution
		SolutionGuid = {3CDD4CFB-8991-41EF-9A43-8D8FB6AD3D4A}
	EndGlobalSection
EndGlobal
